
Microsoft Visual Studio Solution File, Format Version 12.00
# Visual Studio 15
Project("{FAE04EC0-301F-11D3-BF4B-00C04F79EFBC}") = "Assembly-CSharp", "Assembly-CSharp.csproj", "{335D0709-5E3A-A8CD-E5F0-07AF7570FC9B}"
EndProject
Project("{FAE04EC0-301F-11D3-BF4B-00C04F79EFBC}") = "Assembly-CSharp-Editor", "Assembly-CSharp-Editor.csproj", "{7E4B1A83-5822-2F8C-C97B-0FA19E491399}"
EndProject
Global
	GlobalSection(SolutionConfigurationPlatforms) = preSolution
		Debug|Any CPU = Debug|Any CPU
		Release|Any CPU = Release|Any CPU
	EndGlobalSection
	GlobalSection(ProjectConfigurationPlatforms) = postSolution
		{335D0709-5E3A-A8CD-E5F0-07AF7570FC9B}.Debug|Any CPU.ActiveCfg = Debug|Any CPU
		{335D0709-5E3A-A8CD-E5F0-07AF7570FC9B}.Debug|Any CPU.Build.0 = Debug|Any CPU
		{335D0709-5E3A-A8CD-E5F0-07AF7570FC9B}.Release|Any CPU.ActiveCfg = Release|Any CPU
		{335D0709-5E3A-A8CD-E5F0-07AF7570FC9B}.Release|Any CPU.Build.0 = Release|Any CPU
		{7E4B1A83-5822-2F8C-C97B-0FA19E491399}.Debug|Any CPU.ActiveCfg = Debug|Any CPU
		{7E4B1A83-5822-2F8C-C97B-0FA19E491399}.Debug|Any CPU.Build.0 = Debug|Any CPU
		{7E4B1A83-5822-2F8C-C97B-0FA19E491399}.Release|Any CPU.ActiveCfg = Release|Any CPU
		{7E4B1A83-5822-2F8C-C97B-0FA19E491399}.Release|Any CPU.Build.0 = Release|Any CPU
	EndGlobalSection
	GlobalSection(SolutionProperties) = preSolution
		HideSolutionNode = FALSE
	EndGlobalSection
EndGlobal
